
Microsoft Visual Studio Solution File, Format Version 12.00
# Visual Studio Version 17
VisualStudioVersion = 17.14.36915.13 d17.14
MinimumVisualStudioVersion = 10.0.40219.1
Project("{FAE04EC0-301F-11D3-BF4B-00C04F79EFBC}") = "ANSI_art_gen", "ANSI_art_gen.csproj", "{0599E9B3-81C7-4255-AC4F-A89947C41CCD}"
EndProject
Project("{FAE04EC0-301F-11D3-BF4B-00C04F79EFBC}") = "AsciiArt.Core", "..\AsciiArt.Core\AsciiArt.Core.csproj", "{5C6DE688-FC5B-4191-8ECB-4D09EC29F239}"
EndProject
Global
	GlobalSection(SolutionConfigurationPlatforms) = preSolution
		Debug|Any CPU = Debug|Any CPU
		Release|Any CPU = Release|Any CPU
	EndGlobalSection
	GlobalSection(ProjectConfigurationPlatforms) = postSolution
		{0599E9B3-81C7-4255-AC4F-A89947C41CCD}.Debug|Any CPU.ActiveCfg = Debug|Any CPU
		{0599E9B3-81C7-4255-AC4F-A89947C41CCD}.Debug|Any CPU.Build.0 = Debug|Any CPU
		{0599E9B3-81C7-4255-AC4F-A89947C41CCD}.Release|Any CPU.ActiveCfg = Release|Any CPU
		{0599E9B3-81C7-4255-AC4F-A89947C41CCD}.Release|Any CPU.Build.0 = Release|Any CPU
		{5C6DE688-FC5B-4191-8ECB-4D09EC29F239}.Debug|Any CPU.ActiveCfg = Debug|Any CPU
		{5C6DE688-FC5B-4191-8ECB-4D09EC29F239}.Debug|Any CPU.Build.0 = Debug|Any CPU
		{5C6DE688-FC5B-4191-8ECB-4D09EC29F239}.Release|Any CPU.ActiveCfg = Release|Any CPU
		{5C6DE688-FC5B-4191-8ECB-4D09EC29F239}.Release|Any CPU.Build.0 = Release|Any CPU
	EndGlobalSection
	GlobalSection(SolutionProperties) = preSolution
		HideSolutionNode = FALSE
	EndGlobalSection
	GlobalSection(ExtensibilityGlobals) = postSolution
		SolutionGuid = {2083A94F-643C-4C53-AA4A-8696ACD67352}
	EndGlobalSection
EndGlobal
